
Microsoft Visual Studio Solution File, Format Version 12.00
# Visual Studio 15
VisualStudioVersion = 15.0.26730.10
MinimumVisualStudioVersion = 10.0.40219.1
Project("{F184B08F-C81C-45F6-A57F-5ABD9991F28F}") = "Multi tool", "Multi tool\Multi tool.vbproj", "{F52EA96C-E956-4491-899C-E7A735AE6812}"
EndProject
Global
	GlobalSection(SolutionConfigurationPlatforms) = preSolution
		Debug|Any CPU = Debug|Any CPU
		Release|Any CPU = Release|Any CPU
	EndGlobalSection
	GlobalSection(ProjectConfigurationPlatforms) = postSolution
		{F52EA96C-E956-4491-899C-E7A735AE6812}.Debug|Any CPU.ActiveCfg = Debug|Any CPU
		{F52EA96C-E956-4491-899C-E7A735AE6812}.Debug|Any CPU.Build.0 = Debug|Any CPU
		{F52EA96C-E956-4491-899C-E7A735AE6812}.Release|Any CPU.ActiveCfg = Release|Any CPU
		{F52EA96C-E956-4491-899C-E7A735AE6812}.Release|Any CPU.Build.0 = Release|Any CPU
	EndGlobalSection
	GlobalSection(SolutionProperties) = preSolution
		HideSolutionNode = FALSE
	EndGlobalSection
	GlobalSection(ExtensibilityGlobals) = postSolution
		SolutionGuid = {B7C3A445-487C-4FE2-9BA4-8AEAA558CD00}
	EndGlobalSection
EndGlobal
